<Solution>
  <Folder Name="/eng/">
    <Project Path="eng/Rehost.WebForms.GeneratedInputs/Rehost.WebForms.GeneratedInputs.csproj" />
    <Project Path="eng/Rehost.WebForms.ReferenceSource.BuildInputs/Rehost.WebForms.ReferenceSource.BuildInputs.csproj" />
  </Folder>
  <Folder Name="/src/">
    <Project Path="src/Rehost.WebForms.ApplicationServices/Rehost.WebForms.ApplicationServices.csproj" />
    <Project Path="src/Rehost.WebForms.Hosting/Rehost.WebForms.Hosting.csproj" />
    <Project Path="src/Rehost.WebForms.Runtime/Rehost.WebForms.Runtime.csproj" />
    <Project Path="src/Rehost.WebForms.WebServices/Rehost.WebForms.WebServices.csproj" />
  </Folder>
  <Folder Name="/tests/parity/">
    <Project Path="tests/parity/src/CoreParity.Contracts/CoreParity.Contracts.csproj" />
    <Project Path="tests/parity/src/FrameworkOracle.Host/FrameworkOracle.Host.csproj" />
    <Project Path="tests/parity/src/FrameworkOracle.Probes/FrameworkOracle.Probes.csproj" />
    <Project Path="tests/parity/src/FrameworkOracle.Runner/FrameworkOracle.Runner.csproj" />
    <Project Path="tests/parity/src/AdapterParity.Host/AdapterParity.Host.csproj" />
    <Project Path="tests/parity/src/AdapterParity.Probes/AdapterParity.Probes.csproj" />
    <Project Path="tests/parity/src/AdapterParity.Runner/AdapterParity.Runner.csproj" />
    <Project Path="tests/parity/src/PortableParity.Host/PortableParity.Host.csproj" />
    <Project Path="tests/parity/src/PortableParity.Probes/PortableParity.Probes.csproj" />
    <Project Path="tests/parity/src/PortableParity.Runner/PortableParity.Runner.csproj" />
  </Folder>
  <Folder Name="/tests/">
    <Project Path="tests/Rehost.WebForms.Hosting.Tests/Rehost.WebForms.Hosting.Tests.csproj" />
    <Project Path="tests/Rehost.WebForms.Runtime.Tests/Rehost.WebForms.Runtime.Tests.csproj" />
    <Project Path="tests/Rehost.WebForms.ScenarioHost/Rehost.WebForms.ScenarioHost.csproj" />
    <Project Path="tests/Rehost.WebForms.ScenarioProbes/Rehost.WebForms.ScenarioProbes.csproj" />
    <Project Path="tests/Rehost.WebForms.WebServices.Tests/Rehost.WebForms.WebServices.Tests.csproj" />
  </Folder>
</Solution>
