<Solution>
  <Folder Name="/eng/">
    <Project Path="eng/Rehost.WebForms.Build.Tasks/Rehost.WebForms.Build.Tasks.csproj" />
    <Project Path="eng/Rehost.WebForms.GeneratedInputs/Rehost.WebForms.GeneratedInputs.csproj" />
    <Project Path="eng/Rehost.WebForms.ReferenceSource.BuildInputs/Rehost.WebForms.ReferenceSource.BuildInputs.csproj" />
  </Folder>
  <Folder Name="/samples/">
    <Project Path="samples/Rehost.WebForms.SampleApp/Rehost.WebForms.SampleApp.csproj" />
  </Folder>
  <Folder Name="/src/">
    <Project Path="src/Rehost.WebForms/Rehost.WebForms.csproj" />
    <Project Path="src/Rehost.WebForms.ApplicationServices/Rehost.WebForms.ApplicationServices.csproj" />
    <Project Path="src/Rehost.WebForms.Extensions/Rehost.WebForms.Extensions.csproj" />
    <Project Path="src/Rehost.WebForms.FriendlyUrls/Rehost.WebForms.FriendlyUrls.csproj" />
    <Project Path="src/Rehost.WebForms.Hosting/Rehost.WebForms.Hosting.csproj" />
    <Project Path="src/Rehost.WebForms.Optimization/Rehost.WebForms.Optimization.csproj" />
    <Project Path="src/Rehost.WebForms.Optimization.WebForms/Rehost.WebForms.Optimization.WebForms.csproj" />
    <Project Path="src/Rehost.WebForms.Owin.Host.SystemWeb/Rehost.WebForms.Owin.Host.SystemWeb.csproj" />
    <Project Path="src/Rehost.WebForms.Runtime/Rehost.WebForms.Runtime.csproj" />
    <Project Path="src/Rehost.WebForms.ScriptManager.Bundles/Rehost.WebForms.ScriptManager.Bundles.csproj" />
    <Project Path="src/Rehost.WebForms.WebServices/Rehost.WebForms.WebServices.csproj" />
  </Folder>
  <Folder Name="/tests/parity/">
    <Project Path="tests/parity/src/Rehost.WebForms.Parity.Contracts/Rehost.WebForms.Parity.Contracts.csproj" />
    <Project Path="tests/parity/src/Rehost.WebForms.Parity.Harness/Rehost.WebForms.Parity.Harness.csproj" />
    <Project Path="tests/parity/src/Rehost.WebForms.Parity.Probes/Rehost.WebForms.Parity.Probes.csproj" />
    <Project Path="tests/parity/src/Rehost.WebForms.Parity.Runner/Rehost.WebForms.Parity.Runner.csproj" />
    <Project Path="tests/parity/src/Rehost.WebForms.Parity.OracleHost/Rehost.WebForms.Parity.OracleHost.csproj" />
    <Project Path="tests/parity/src/Rehost.WebForms.Parity.AdapterHost/Rehost.WebForms.Parity.AdapterHost.csproj" />
    <Project Path="tests/parity/src/Rehost.WebForms.Parity.PortableHost/Rehost.WebForms.Parity.PortableHost.csproj" />
  </Folder>
  <Folder Name="/tests/">
    <Project Path="tests/Rehost.WebForms.CallContext.Contract.Tests/Rehost.WebForms.CallContext.Contract.Tests.csproj" />
    <Project Path="tests/Rehost.WebForms.Extensions.Tests/Rehost.WebForms.Extensions.Tests.csproj" />
    <Project Path="tests/Rehost.WebForms.FixtureStaging.Tasks/Rehost.WebForms.FixtureStaging.Tasks.csproj" />
    <Project Path="tests/Rehost.WebForms.FriendlyUrls.Tests/Rehost.WebForms.FriendlyUrls.Tests.csproj" />
    <Project Path="tests/Rehost.WebForms.Hosting.Tests/Rehost.WebForms.Hosting.Tests.csproj" />
    <Project Path="tests/Rehost.WebForms.Owin.Host.SystemWeb.Tests/Rehost.WebForms.Owin.Host.SystemWeb.Tests.csproj" />
    <Project Path="tests/Rehost.WebForms.Packages.Tests/Rehost.WebForms.Packages.Tests.csproj" />
    <Project Path="tests/Rehost.WebForms.Runtime.Tests/Rehost.WebForms.Runtime.Tests.csproj" />
    <Project Path="tests/Rehost.WebForms.ScenarioProtocol/Rehost.WebForms.ScenarioProtocol.csproj" />
    <Project Path="tests/Rehost.WebForms.ScriptManager.Bundles.Tests/Rehost.WebForms.ScriptManager.Bundles.Tests.csproj" />
    <Project Path="tests/Rehost.WebForms.ScenarioHost/Rehost.WebForms.ScenarioHost.csproj" />
    <Project Path="tests/Rehost.WebForms.TestSupport/Rehost.WebForms.TestSupport.csproj" />
    <Project Path="tests/Rehost.WebForms.ScenarioProbes/Rehost.WebForms.ScenarioProbes.csproj" />
    <Project Path="tests/Rehost.WebForms.ScenarioProbes.Dynamic/Rehost.WebForms.ScenarioProbes.Dynamic.csproj" />
    <Project Path="tests/Rehost.WebForms.WebServices.Tests/Rehost.WebForms.WebServices.Tests.csproj" />
  </Folder>
</Solution>
