<Solution>
  <Folder Name="/src/">
    <Project Path="../core-parity/src/CoreParity.Contracts/CoreParity.Contracts.csproj" />
    <Project Path="src/FrameworkOracle.Host/FrameworkOracle.Host.csproj" />
    <Project Path="src/FrameworkOracle.Probes/FrameworkOracle.Probes.csproj" />
    <Project Path="src/FrameworkOracle.Runner/FrameworkOracle.Runner.csproj" />
  </Folder>
</Solution>
